lockfileVersion: '9.0'

settings:
  autoInstallPeers: true
  excludeLinksFromLockfile: false

importers:

  .:
    dependencies:
      typescript:
        specifier: ^5.0.0
        version: 5.7.3
    devDependencies:
      '@types/bun':
        specifier: latest
        version: 1.1.17

packages:

  '@types/bun@1.1.17':
    resolution: {integrity: sha512-zZt0Kao/8hAwNOXh4bmt8nKbMEd4QD8n7PeTGF+NZTVY5ouXhU/TX7jUj4He1p7mgY+WdplnU1B6MB1j17vdzg==}

  '@types/node@20.12.14':
    resolution: {integrity: sha512-scnD59RpYD91xngrQQLGkE+6UrHUPzeKZWhhjBSa3HSkwjbQc38+q3RoIVEwxQGRw3M+j5hpNAM+lgV3cVormg==}

  '@types/ws@8.5.13':
    resolution: {integrity: sha512-osM/gWBTPKgHV8XkTunnegTRIsvF6owmf5w+JtAfOw472dptdm0dlGv4xCt6GwQRcC2XVOvvRE/0bAoQcL2QkA==}

  bun-types@1.1.44:
    resolution: {integrity: sha512-jtcekoZeSINgEcHSISzhR13w/cyE+Fankw2Cpl4c0fN3lRmKVAX0i9ay4FyK4lOxUK1HG4HkuIlrPvXKz4Y7sw==}

  typescript@5.7.3:
    resolution: {integrity: sha512-84MVSjMEHP+FQRPy3pX9sTVV/INIex71s9TL2Gm5FG/WG1SqXeKyZ0k7/blY/4FdOzI12CBy1vGc4og/eus0fw==}
    engines: {node: '>=14.17'}
    hasBin: true

  undici-types@5.26.5:
    resolution: {integrity: sha512-JlCMO+ehdEIKqlFxk6IfVoAUVmgz7cU7zD/h9XZ0qzeosSHmUJVOzSQvvYSYWXkFXC+IfLKSIffhv0sVZup6pA==}

snapshots:

  '@types/bun@1.1.17':
    dependencies:
      bun-types: 1.1.44

  '@types/node@20.12.14':
    dependencies:
      undici-types: 5.26.5

  '@types/ws@8.5.13':
    dependencies:
      '@types/node': 20.12.14

  bun-types@1.1.44:
    dependencies:
      '@types/node': 20.12.14
      '@types/ws': 8.5.13

  typescript@5.7.3: {}

  undici-types@5.26.5: {}
